
Microsoft Visual Studio Solution File, Format Version 12.00
# Visual Studio Version 17
VisualStudioVersion = 17.0.31903.59
MinimumVisualStudioVersion = 10.0.40219.1
Project("{2150E333-8FDC-42A3-9474-1A3956D46DE8}") = "src", "src", "{5EDD340E-5828-4969-8ADC-F75327030862}"
EndProject
Project("{9A19103F-16F7-4668-BE54-9A1E7A4F7556}") = "SideMenuDesign", "src\SideMenuDesign\SideMenuDesign.csproj", "{236FF58B-0C8B-4A6F-B311-1A1AE679E1BE}"
EndProject
Global
	GlobalSection(SolutionConfigurationPlatforms) = preSolution
		Debug|Any CPU = Debug|Any CPU
		Release|Any CPU = Release|Any CPU
	EndGlobalSection
	GlobalSection(ProjectConfigurationPlatforms) = postSolution
		{236FF58B-0C8B-4A6F-B311-1A1AE679E1BE}.Debug|Any CPU.ActiveCfg = Debug|Any CPU
		{236FF58B-0C8B-4A6F-B311-1A1AE679E1BE}.Debug|Any CPU.Build.0 = Debug|Any CPU
		{236FF58B-0C8B-4A6F-B311-1A1AE679E1BE}.Release|Any CPU.ActiveCfg = Release|Any CPU
		{236FF58B-0C8B-4A6F-B311-1A1AE679E1BE}.Release|Any CPU.Build.0 = Release|Any CPU
	EndGlobalSection
	GlobalSection(SolutionProperties) = preSolution
		HideSolutionNode = FALSE
	EndGlobalSection
	GlobalSection(NestedProjects) = preSolution
		{236FF58B-0C8B-4A6F-B311-1A1AE679E1BE} = {5EDD340E-5828-4969-8ADC-F75327030862}
	EndGlobalSection
	GlobalSection(ExtensibilityGlobals) = postSolution
		SolutionGuid = {895A577C-2AFA-468B-A328-DB94341BB2EA}
	EndGlobalSection
EndGlobal
